
Microsoft Visual Studio Solution File, Format Version 12.00
# Visual Studio Version 17
VisualStudioVersion = 17.7.34221.43
MinimumVisualStudioVersion = 10.0.40219.1
Project("{FAE04EC0-301F-11D3-BF4B-00C04F79EFBC}") = "Estructuras Repetitivas 8", "Estructuras Repetitivas 8.csproj", "{6ED29AEC-F5C8-45DA-945A-060D29698A51}"
EndProject
Global
	GlobalSection(SolutionConfigurationPlatforms) = preSolution
		Debug|Any CPU = Debug|Any CPU
		Release|Any CPU = Release|Any CPU
	EndGlobalSection
	GlobalSection(ProjectConfigurationPlatforms) = postSolution
		{6ED29AEC-F5C8-45DA-945A-060D29698A51}.Debug|Any CPU.ActiveCfg = Debug|Any CPU
		{6ED29AEC-F5C8-45DA-945A-060D29698A51}.Debug|Any CPU.Build.0 = Debug|Any CPU
		{6ED29AEC-F5C8-45DA-945A-060D29698A51}.Release|Any CPU.ActiveCfg = Release|Any CPU
		{6ED29AEC-F5C8-45DA-945A-060D29698A51}.Release|Any CPU.Build.0 = Release|Any CPU
	EndGlobalSection
	GlobalSection(SolutionProperties) = preSolution
		HideSolutionNode = FALSE
	EndGlobalSection
	GlobalSection(ExtensibilityGlobals) = postSolution
		SolutionGuid = {DAF390D0-7B67-4C7E-864B-7598EEA85D84}
	EndGlobalSection
EndGlobal
